// !$*UTF8*$!
{
	archiveVersion = 1;
	classes = {
	};
	objectVersion = 46;
	objects = {

/* Begin PBXBuildFile section */
		60050E651BEB055400DAC93A /* AppDelegate.swift in Sources */ = {isa = PBXBuildFile; fileRef = 60050E641BEB055400DAC93A /* AppDelegate.swift */; };
		60050E671BEB055400DAC93A /* ViewController.swift in Sources */ = {isa = PBXBuildFile; fileRef = 60050E661BEB055400DAC93A /* ViewController.swift */; };
		60050E6A1BEB055400DAC93A /* Main.storyboard in Resources */ = {isa = PBXBuildFile; fileRef = 60050E681BEB055400DAC93A /* Main.storyboard */; };
		60050E6C1BEB055400DAC93A /* Assets.xcassets in Resources */ = {isa = PBXBuildFile; fileRef = 60050E6B1BEB055400DAC93A /* Assets.xcassets */; };
		60050E6F1BEB055400DAC93A /* LaunchScreen.storyboard in Resources */ = {isa = PBXBuildFile; fileRef = 60050E6D1BEB055400DAC93A /* LaunchScreen.storyboard */; };
		60050E7A1BEB055400DAC93A /* Test_3D_TouchTests.swift in Sources */ = {isa = PBXBuildFile; fileRef = 60050E791BEB055400DAC93A /* Test_3D_TouchTests.swift */; };
		60050E851BEB055400DAC93A /* Test_3D_TouchUITests.swift in Sources */ = {isa = PBXBuildFile; fileRef = 60050E841BEB055400DAC93A /* Test_3D_TouchUITests.swift */; };
		60050E931BEB09D200DAC93A /* 3DTouchModel.swift in Sources */ = {isa = PBXBuildFile; fileRef = 60050E921BEB09D200DAC93A /* 3DTouchModel.swift */; };
		F15E8494EF9505E05C08C7C5 /* Pods.framework in Frameworks */ = {isa = PBXBuildFile; fileRef = 7CF07842EB1F68BA72CC061F /* Pods.framework */; };
/* End PBXBuildFile section */

/* Begin PBXContainerItemProxy section */
		60050E761BEB055400DAC93A /* PBXContainerItemProxy */ = {
			isa = PBXContainerItemProxy;
			containerPortal = 60050E591BEB055400DAC93A /* Project object */;
			proxyType = 1;
			remoteGlobalIDString = 60050E601BEB055400DAC93A;
			remoteInfo = "Test 3D Touch";
		};
		60050E811BEB055400DAC93A /* PBXContainerItemProxy */ = {
			isa = PBXContainerItemProxy;
			containerPortal = 60050E591BEB055400DAC93A /* Project object */;
			proxyType = 1;
			remoteGlobalIDString = 60050E601BEB055400DAC93A;
			remoteInfo = "Test 3D Touch";
		};
/* End PBXContainerItemProxy section */

/* Begin PBXFileReference section */
		256CD4F7DEDE40FAEBA7494C /* Pods.debug.xcconfig */ = {isa = PBXFileReference; includeInIndex = 1; lastKnownFileType = text.xcconfig; name = Pods.debug.xcconfig; path = "Pods/Target Support Files/Pods/Pods.debug.xcconfig"; sourceTree = "<group>"; };
		60050E611BEB055400DAC93A /* Test 3D Touch.app */ = {isa = PBXFileReference; explicitFileType = wrapper.application; includeInIndex = 0; path = "Test 3D Touch.app"; sourceTree = BUILT_PRODUCTS_DIR; };
		60050E641BEB055400DAC93A /* AppDelegate.swift */ = {isa = PBXFileReference; lastKnownFileType = sourcecode.swift; path = AppDelegate.swift; sourceTree = "<group>"; };
		60050E661BEB055400DAC93A /* ViewController.swift */ = {isa = PBXFileReference; lastKnownFileType = sourcecode.swift; path = ViewController.swift; sourceTree = "<group>"; };
		60050E691BEB055400DAC93A /* Base */ = {isa = PBXFileReference; lastKnownFileType = file.storyboard; name = Base; path = Base.lproj/Main.storyboard; sourceTree = "<group>"; };
		60050E6B1BEB055400DAC93A /* Assets.xcassets */ = {isa = PBXFileReference; lastKnownFileType = folder.assetcatalog; path = Assets.xcassets; sourceTree = "<group>"; };
		60050E6E1BEB055400DAC93A /* Base */ = {isa = PBXFileReference; lastKnownFileType = file.storyboard; name = Base; path = Base.lproj/LaunchScreen.storyboard; sourceTree = "<group>"; };
		60050E701BEB055400DAC93A /* Info.plist */ = {isa = PBXFileReference; lastKnownFileType = text.plist.xml; path = Info.plist; sourceTree = "<group>"; };
		60050E751BEB055400DAC93A /* Test 3D TouchTests.xctest */ = {isa = PBXFileReference; explicitFileType = wrapper.cfbundle; includeInIndex = 0; path = "Test 3D TouchTests.xctest"; sourceTree = BUILT_PRODUCTS_DIR; };
		60050E791BEB055400DAC93A /* Test_3D_TouchTests.swift */ = {isa = PBXFileReference; lastKnownFileType = sourcecode.swift; path = Test_3D_TouchTests.swift; sourceTree = "<group>"; };
		60050E7B1BEB055400DAC93A /* Info.plist */ = {isa = PBXFileReference; lastKnownFileType = text.plist.xml; path = Info.plist; sourceTree = "<group>"; };
		60050E801BEB055400DAC93A /* Test 3D TouchUITests.xctest */ = {isa = PBXFileReference; explicitFileType = wrapper.cfbundle; includeInIndex = 0; path = "Test 3D TouchUITests.xctest"; sourceTree = BUILT_PRODUCTS_DIR; };
		60050E841BEB055400DAC93A /* Test_3D_TouchUITests.swift */ = {isa = PBXFileReference; lastKnownFileType = sourcecode.swift; path = Test_3D_TouchUITests.swift; sourceTree = "<group>"; };
		60050E861BEB055400DAC93A /* Info.plist */ = {isa = PBXFileReference; lastKnownFileType = text.plist.xml; path = Info.plist; sourceTree = "<group>"; };
		60050E921BEB09D200DAC93A /* 3DTouchModel.swift */ = {isa = PBXFileReference; fileEncoding = 4; lastKnownFileType = sourcecode.swift; path = 3DTouchModel.swift; sourceTree = "<group>"; };
		7CF07842EB1F68BA72CC061F /* Pods.framework */ = {isa = PBXFileReference; explicitFileType = wrapper.framework; includeInIndex = 0; path = Pods.framework; sourceTree = BUILT_PRODUCTS_DIR; };
		FFCBD7B6C74D3D70A45C1D39 /* Pods.release.xcconfig */ = {isa = PBXFileReference; includeInIndex = 1; lastKnownFileType = text.xcconfig; name = Pods.release.xcconfig; path = "Pods/Target Support Files/Pods/Pods.release.xcconfig"; sourceTree = "<group>"; };
/* End PBXFileReference section */

/* Begin PBXFrameworksBuildPhase section */
		60050E5E1BEB055400DAC93A /* Frameworks */ = {
			isa = PBXFrameworksBuildPhase;
			buildActionMask = 2147483647;
			files = (
				F15E8494EF9505E05C08C7C5 /* Pods.framework in Frameworks */,
			);
			runOnlyForDeploymentPostprocessing = 0;
		};
		60050E721BEB055400DAC93A /* Frameworks */ = {
			isa = PBXFrameworksBuildPhase;
			buildActionMask = 2147483647;
			files = (
			);
			runOnlyForDeploymentPostprocessing = 0;
		};
		60050E7D1BEB055400DAC93A /* Frameworks */ = {
			isa = PBXFrameworksBuildPhase;
			buildActionMask = 2147483647;
			files = (
			);
			runOnlyForDeploymentPostprocessing = 0;
		};
/* End PBXFrameworksBuildPhase section */

/* Begin PBXGroup section */
		60050E581BEB055400DAC93A = {
			isa = PBXGroup;
			children = (
				60050E631BEB055400DAC93A /* Test 3D Touch */,
				60050E781BEB055400DAC93A /* Test 3D TouchTests */,
				60050E831BEB055400DAC93A /* Test 3D TouchUITests */,
				60050E621BEB055400DAC93A /* Products */,
				8F8D38366609912B50E07D8A /* Pods */,
				98551FFE0B18D9A9EC4D6187 /* Frameworks */,
			);
			sourceTree = "<group>";
		};
		60050E621BEB055400DAC93A /* Products */ = {
			isa = PBXGroup;
			children = (
				60050E611BEB055400DAC93A /* Test 3D Touch.app */,
				60050E751BEB055400DAC93A /* Test 3D TouchTests.xctest */,
				60050E801BEB055400DAC93A /* Test 3D TouchUITests.xctest */,
			);
			name = Products;
			sourceTree = "<group>";
		};
		60050E631BEB055400DAC93A /* Test 3D Touch */ = {
			isa = PBXGroup;
			children = (
				60050E641BEB055400DAC93A /* AppDelegate.swift */,
				60050E921BEB09D200DAC93A /* 3DTouchModel.swift */,
				60050E661BEB055400DAC93A /* ViewController.swift */,
				60050E681BEB055400DAC93A /* Main.storyboard */,
				60050E6B1BEB055400DAC93A /* Assets.xcassets */,
				60050E6D1BEB055400DAC93A /* LaunchScreen.storyboard */,
				60050E701BEB055400DAC93A /* Info.plist */,
			);
			path = "Test 3D Touch";
			sourceTree = "<group>";
		};
		60050E781BEB055400DAC93A /* Test 3D TouchTests */ = {
			isa = PBXGroup;
			children = (
				60050E791BEB055400DAC93A /* Test_3D_TouchTests.swift */,
				60050E7B1BEB055400DAC93A /* Info.plist */,
			);
			path = "Test 3D TouchTests";
			sourceTree = "<group>";
		};
		60050E831BEB055400DAC93A /* Test 3D TouchUITests */ = {
			isa = PBXGroup;
			children = (
				60050E841BEB055400DAC93A /* Test_3D_TouchUITests.swift */,
				60050E861BEB055400DAC93A /* Info.plist */,
			);
			path = "Test 3D TouchUITests";
			sourceTree = "<group>";
		};
		8F8D38366609912B50E07D8A /* Pods */ = {
			isa = PBXGroup;
			children = (
				256CD4F7DEDE40FAEBA7494C /* Pods.debug.xcconfig */,
				FFCBD7B6C74D3D70A45C1D39 /* Pods.release.xcconfig */,
			);
			name = Pods;
			sourceTree = "<group>";
		};
		98551FFE0B18D9A9EC4D6187 /* Frameworks */ = {
			isa = PBXGroup;
			children = (
				7CF07842EB1F68BA72CC061F /* Pods.framework */,
			);
			name = Frameworks;
			sourceTree = "<group>";
		};
/* End PBXGroup section */

/* Begin PBXNativeTarget section */
		60050E601BEB055400DAC93A /* Test 3D Touch */ = {
			isa = PBXNativeTarget;
			buildConfigurationList = 60050E891BEB055400DAC93A /* Build configuration list for PBXNativeTarget "Test 3D Touch" */;
			buildPhases = (
				12CCAF574B3C7292B4A49DB9 /* Check Pods Manifest.lock */,
				60050E5D1BEB055400DAC93A /* Sources */,
				60050E5E1BEB055400DAC93A /* Frameworks */,
				60050E5F1BEB055400DAC93A /* Resources */,
				7D60DDA1D6B3EACEB15F4794 /* Embed Pods Frameworks */,
				0B1EF22DEF01C325DA914CAA /* Copy Pods Resources */,
			);
			buildRules = (
			);
			dependencies = (
			);
			name = "Test 3D Touch";
			productName = "Test 3D Touch";
			productReference = 60050E611BEB055400DAC93A /* Test 3D Touch.app */;
			productType = "com.apple.product-type.application";
		};
		60050E741BEB055400DAC93A /* Test 3D TouchTests */ = {
			isa = PBXNativeTarget;
			buildConfigurationList = 60050E8C1BEB055400DAC93A /* Build configuration list for PBXNativeTarget "Test 3D TouchTests" */;
			buildPhases = (
				60050E711BEB055400DAC93A /* Sources */,
				60050E721BEB055400DAC93A /* Frameworks */,
				60050E731BEB055400DAC93A /* Resources */,
			);
			buildRules = (
			);
			dependencies = (
				60050E771BEB055400DAC93A /* PBXTargetDependency */,
			);
			name = "Test 3D TouchTests";
			productName = "Test 3D TouchTests";
			productReference = 60050E751BEB055400DAC93A /* Test 3D TouchTests.xctest */;
			productType = "com.apple.product-type.bundle.unit-test";
		};
		60050E7F1BEB055400DAC93A /* Test 3D TouchUITests */ = {
			isa = PBXNativeTarget;
			buildConfigurationList = 60050E8F1BEB055400DAC93A /* Build configuration list for PBXNativeTarget "Test 3D TouchUITests" */;
			buildPhases = (
				60050E7C1BEB055400DAC93A /* Sources */,
				60050E7D1BEB055400DAC93A /* Frameworks */,
				60050E7E1BEB055400DAC93A /* Resources */,
			);
			buildRules = (
			);
			dependencies = (
				60050E821BEB055400DAC93A /* PBXTargetDependency */,
			);
			name = "Test 3D TouchUITests";
			productName = "Test 3D TouchUITests";
			productReference = 60050E801BEB055400DAC93A /* Test 3D TouchUITests.xctest */;
			productType = "com.apple.product-type.bundle.ui-testing";
		};
/* End PBXNativeTarget section */

/* Begin PBXProject section */
		60050E591BEB055400DAC93A /* Project object */ = {
			isa = PBXProject;
			attributes = {
				LastSwiftUpdateCheck = 0710;
				LastUpgradeCheck = 0710;
				ORGANIZATIONNAME = "Mani Batra";
				TargetAttributes = {
					60050E601BEB055400DAC93A = {
						CreatedOnToolsVersion = 7.1;
						DevelopmentTeam = 3U597893P8;
					};
					60050E741BEB055400DAC93A = {
						CreatedOnToolsVersion = 7.1;
						TestTargetID = 60050E601BEB055400DAC93A;
					};
					60050E7F1BEB055400DAC93A = {
						CreatedOnToolsVersion = 7.1;
						TestTargetID = 60050E601BEB055400DAC93A;
					};
				};
			};
			buildConfigurationList = 60050E5C1BEB055400DAC93A /* Build configuration list for PBXProject "Test 3D Touch" */;
			compatibilityVersion = "Xcode 3.2";
			developmentRegion = English;
			hasScannedForEncodings = 0;
			knownRegions = (
				en,
				Base,
			);
			mainGroup = 60050E581BEB055400DAC93A;
			productRefGroup = 60050E621BEB055400DAC93A /* Products */;
			projectDirPath = "";
			projectRoot = "";
			targets = (
				60050E601BEB055400DAC93A /* Test 3D Touch */,
				60050E741BEB055400DAC93A /* Test 3D TouchTests */,
				60050E7F1BEB055400DAC93A /* Test 3D TouchUITests */,
			);
		};
/* End PBXProject section */

/* Begin PBXResourcesBuildPhase section */
		60050E5F1BEB055400DAC93A /* Resources */ = {
			isa = PBXResourcesBuildPhase;
			buildActionMask = 2147483647;
			files = (
				60050E6F1BEB055400DAC93A /* LaunchScreen.storyboard in Resources */,
				60050E6C1BEB055400DAC93A /* Assets.xcassets in Resources */,
				60050E6A1BEB055400DAC93A /* Main.storyboard in Resources */,
			);
			runOnlyForDeploymentPostprocessing = 0;
		};
		60050E731BEB055400DAC93A /* Resources */ = {
			isa = PBXResourcesBuildPhase;
			buildActionMask = 2147483647;
			files = (
			);
			runOnlyForDeploymentPostprocessing = 0;
		};
		60050E7E1BEB055400DAC93A /* Resources */ = {
			isa = PBXResourcesBuildPhase;
			buildActionMask = 2147483647;
			files = (
			);
			runOnlyForDeploymentPostprocessing = 0;
		};
/* End PBXResourcesBuildPhase section */

/* Begin PBXShellScriptBuildPhase section */
		0B1EF22DEF01C325DA914CAA /* Copy Pods Resources */ = {
			isa = PBXShellScriptBuildPhase;
			buildActionMask = 2147483647;
			files = (
			);
			inputPaths = (
			);
			name = "Copy Pods Resources";
			outputPaths = (
			);
			runOnlyForDeploymentPostprocessing = 0;
			shellPath = /bin/sh;
			shellScript = "\"${SRCROOT}/Pods/Target Support Files/Pods/Pods-resources.sh\"\n";
			showEnvVarsInLog = 0;
		};
		12CCAF574B3C7292B4A49DB9 /* Check Pods Manifest.lock */ = {
			isa = PBXShellScriptBuildPhase;
			buildActionMask = 2147483647;
			files = (
			);
			inputPaths = (
			);
			name = "Check Pods Manifest.lock";
			outputPaths = (
			);
			runOnlyForDeploymentPostprocessing = 0;
			shellPath = /bin/sh;
			shellScript = "diff \"${PODS_ROOT}/../Podfile.lock\" \"${PODS_ROOT}/Manifest.lock\" > /dev/null\nif [[ $? != 0 ]] ; then\n    cat << EOM\nerror: The sandbox is not in sync with the Podfile.lock. Run 'pod install' or update your CocoaPods installation.\nEOM\n    exit 1\nfi\n";
			showEnvVarsInLog = 0;
		};
		7D60DDA1D6B3EACEB15F4794 /* Embed Pods Frameworks */ = {
			isa = PBXShellScriptBuildPhase;
			buildActionMask = 2147483647;
			files = (
			);
			inputPaths = (
			);
			name = "Embed Pods Frameworks";
			outputPaths = (
			);
			runOnlyForDeploymentPostprocessing = 0;
			shellPath = /bin/sh;
			shellScript = "\"${SRCROOT}/Pods/Target Support Files/Pods/Pods-frameworks.sh\"\n";
			showEnvVarsInLog = 0;
		};
/* End PBXShellScriptBuildPhase section */

/* Begin PBXSourcesBuildPhase section */
		60050E5D1BEB055400DAC93A /* Sources */ = {
			isa = PBXSourcesBuildPhase;
			buildActionMask = 2147483647;
			files = (
				60050E931BEB09D200DAC93A /* 3DTouchModel.swift in Sources */,
				60050E671BEB055400DAC93A /* ViewController.swift in Sources */,
				60050E651BEB055400DAC93A /* AppDelegate.swift in Sources */,
			);
			runOnlyForDeploymentPostprocessing = 0;
		};
		60050E711BEB055400DAC93A /* Sources */ = {
			isa = PBXSourcesBuildPhase;
			buildActionMask = 2147483647;
			files = (
				60050E7A1BEB055400DAC93A /* Test_3D_TouchTests.swift in Sources */,
			);
			runOnlyForDeploymentPostprocessing = 0;
		};
		60050E7C1BEB055400DAC93A /* Sources */ = {
			isa = PBXSourcesBuildPhase;
			buildActionMask = 2147483647;
			files = (
				60050E851BEB055400DAC93A /* Test_3D_TouchUITests.swift in Sources */,
			);
			runOnlyForDeploymentPostprocessing = 0;
		};
/* End PBXSourcesBuildPhase section */

/* Begin PBXTargetDependency section */
		60050E771BEB055400DAC93A /* PBXTargetDependency */ = {
			isa = PBXTargetDependency;
			target = 60050E601BEB055400DAC93A /* Test 3D Touch */;
			targetProxy = 60050E761BEB055400DAC93A /* PBXContainerItemProxy */;
		};
		60050E821BEB055400DAC93A /* PBXTargetDependency */ = {
			isa = PBXTargetDependency;
			target = 60050E601BEB055400DAC93A /* Test 3D Touch */;
			targetProxy = 60050E811BEB055400DAC93A /* PBXContainerItemProxy */;
		};
/* End PBXTargetDependency section */

/* Begin PBXVariantGroup section */
		60050E681BEB055400DAC93A /* Main.storyboard */ = {
			isa = PBXVariantGroup;
			children = (
				60050E691BEB055400DAC93A /* Base */,
			);
			name = Main.storyboard;
			sourceTree = "<group>";
		};
		60050E6D1BEB055400DAC93A /* LaunchScreen.storyboard */ = {
			isa = PBXVariantGroup;
			children = (
				60050E6E1BEB055400DAC93A /* Base */,
			);
			name = LaunchScreen.storyboard;
			sourceTree = "<group>";
		};
/* End PBXVariantGroup section */

/* Begin XCBuildConfiguration section */
		60050E871BEB055400DAC93A /* Debug */ = {
			isa = XCBuildConfiguration;
			buildSettings = {
				ALWAYS_SEARCH_USER_PATHS = NO;
				CLANG_CXX_LANGUAGE_STANDARD = "gnu++0x";
				CLANG_CXX_LIBRARY = "libc++";
				CLANG_ENABLE_MODULES = YES;
				CLANG_ENABLE_OBJC_ARC = YES;
				CLANG_WARN_BOOL_CONVERSION = YES;
				CLANG_WARN_CONSTANT_CONVERSION = YES;
				CLANG_WARN_DIRECT_OBJC_ISA_USAGE = YES_ERROR;
				CLANG_WARN_EMPTY_BODY = YES;
				CLANG_WARN_ENUM_CONVERSION = YES;
				CLANG_WARN_INT_CONVERSION = YES;
				CLANG_WARN_OBJC_ROOT_CLASS = YES_ERROR;
				CLANG_WARN_UNREACHABLE_CODE = YES;
				CLANG_WARN__DUPLICATE_METHOD_MATCH = YES;
				"CODE_SIGN_IDENTITY[sdk=iphoneos*]" = "iPhone Developer";
				COPY_PHASE_STRIP = NO;
				DEBUG_INFORMATION_FORMAT = dwarf;
				ENABLE_STRICT_OBJC_MSGSEND = YES;
				ENABLE_TESTABILITY = YES;
				GCC_C_LANGUAGE_STANDARD = gnu99;
				GCC_DYNAMIC_NO_PIC = NO;
				GCC_NO_COMMON_BLOCKS = YES;
				GCC_OPTIMIZATION_LEVEL = 0;
				GCC_PREPROCESSOR_DEFINITIONS = (
					"DEBUG=1",
					"$(inherited)",
				);
				GCC_WARN_64_TO_32_BIT_CONVERSION = YES;
				GCC_WARN_ABOUT_RETURN_TYPE = YES_ERROR;
				GCC_WARN_UNDECLARED_SELECTOR = YES;
				GCC_WARN_UNINITIALIZED_AUTOS = YES_AGGRESSIVE;
				GCC_WARN_UNUSED_FUNCTION = YES;
				GCC_WARN_UNUSED_VARIABLE = YES;
				IPHONEOS_DEPLOYMENT_TARGET = 9.1;
				MTL_ENABLE_DEBUG_INFO = YES;
				ONLY_ACTIVE_ARCH = YES;
				SDKROOT = iphoneos;
				SWIFT_OPTIMIZATION_LEVEL = "-Onone";
			};
			name = Debug;
		};
		60050E881BEB055400DAC93A /* Release */ = {
			isa = XCBuildConfiguration;
			buildSettings = {
				ALWAYS_SEARCH_USER_PATHS = NO;
				CLANG_CXX_LANGUAGE_STANDARD = "gnu++0x";
				CLANG_CXX_LIBRARY = "libc++";
				CLANG_ENABLE_MODULES = YES;
				CLANG_ENABLE_OBJC_ARC = YES;
				CLANG_WARN_BOOL_CONVERSION = YES;
				CLANG_WARN_CONSTANT_CONVERSION = YES;
				CLANG_WARN_DIRECT_OBJC_ISA_USAGE = YES_ERROR;
				CLANG_WARN_EMPTY_BODY = YES;
				CLANG_WARN_ENUM_CONVERSION = YES;
				CLANG_WARN_INT_CONVERSION = YES;
				CLANG_WARN_OBJC_ROOT_CLASS = YES_ERROR;
				CLANG_WARN_UNREACHABLE_CODE = YES;
				CLANG_WARN__DUPLICATE_METHOD_MATCH = YES;
				"CODE_SIGN_IDENTITY[sdk=iphoneos*]" = "iPhone Developer";
				COPY_PHASE_STRIP = NO;
				DEBUG_INFORMATION_FORMAT = "dwarf-with-dsym";
				ENABLE_NS_ASSERTIONS = NO;
				ENABLE_STRICT_OBJC_MSGSEND = YES;
				GCC_C_LANGUAGE_STANDARD = gnu99;
				GCC_NO_COMMON_BLOCKS = YES;
				GCC_WARN_64_TO_32_BIT_CONVERSION = YES;
				GCC_WARN_ABOUT_RETURN_TYPE = YES_ERROR;
				GCC_WARN_UNDECLARED_SELECTOR = YES;
				GCC_WARN_UNINITIALIZED_AUTOS = YES_AGGRESSIVE;
				GCC_WARN_UNUSED_FUNCTION = YES;
				GCC_WARN_UNUSED_VARIABLE = YES;
				IPHONEOS_DEPLOYMENT_TARGET = 9.1;
				MTL_ENABLE_DEBUG_INFO = NO;
				SDKROOT = iphoneos;
				VALIDATE_PRODUCT = YES;
			};
			name = Release;
		};
		60050E8A1BEB055400DAC93A /* Debug */ = {
			isa = XCBuildConfiguration;
			baseConfigurationReference = 256CD4F7DEDE40FAEBA7494C /* Pods.debug.xcconfig */;
			buildSettings = {
				ASSETCATALOG_COMPILER_APPICON_NAME = AppIcon;
				CODE_SIGN_IDENTITY = "iPhone Developer";
				"CODE_SIGN_IDENTITY[sdk=iphoneos*]" = "iPhone Developer";
				INFOPLIST_FILE = "Test 3D Touch/Info.plist";
				LD_RUNPATH_SEARCH_PATHS = "$(inherited) @executable_path/Frameworks";
				PRODUCT_BUNDLE_IDENTIFIER = "com.mani.Test-3D-Touch";
				PRODUCT_NAME = "$(TARGET_NAME)";
				PROVISIONING_PROFILE = "";
			};
			name = Debug;
		};
		60050E8B1BEB055400DAC93A /* Release */ = {
			isa = XCBuildConfiguration;
			baseConfigurationReference = FFCBD7B6C74D3D70A45C1D39 /* Pods.release.xcconfig */;
			buildSettings = {
				ASSETCATALOG_COMPILER_APPICON_NAME = AppIcon;
				CODE_SIGN_IDENTITY = "iPhone Developer";
				"CODE_SIGN_IDENTITY[sdk=iphoneos*]" = "iPhone Developer";
				INFOPLIST_FILE = "Test 3D Touch/Info.plist";
				LD_RUNPATH_SEARCH_PATHS = "$(inherited) @executable_path/Frameworks";
				PRODUCT_BUNDLE_IDENTIFIER = "com.mani.Test-3D-Touch";
				PRODUCT_NAME = "$(TARGET_NAME)";
				PROVISIONING_PROFILE = "";
			};
			name = Release;
		};
		60050E8D1BEB055400DAC93A /* Debug */ = {
			isa = XCBuildConfiguration;
			buildSettings = {
				BUNDLE_LOADER = "$(TEST_HOST)";
				INFOPLIST_FILE = "Test 3D TouchTests/Info.plist";
				LD_RUNPATH_SEARCH_PATHS = "$(inherited) @executable_path/Frameworks @loader_path/Frameworks";
				PRODUCT_BUNDLE_IDENTIFIER = "com.mani.Test-3D-TouchTests";
				PRODUCT_NAME = "$(TARGET_NAME)";
				TEST_HOST = "$(BUILT_PRODUCTS_DIR)/Test 3D Touch.app/Test 3D Touch";
			};
			name = Debug;
		};
		60050E8E1BEB055400DAC93A /* Release */ = {
			isa = XCBuildConfiguration;
			buildSettings = {
				BUNDLE_LOADER = "$(TEST_HOST)";
				INFOPLIST_FILE = "Test 3D TouchTests/Info.plist";
				LD_RUNPATH_SEARCH_PATHS = "$(inherited) @executable_path/Frameworks @loader_path/Frameworks";
				PRODUCT_BUNDLE_IDENTIFIER = "com.mani.Test-3D-TouchTests";
				PRODUCT_NAME = "$(TARGET_NAME)";
				TEST_HOST = "$(BUILT_PRODUCTS_DIR)/Test 3D Touch.app/Test 3D Touch";
			};
			name = Release;
		};
		60050E901BEB055400DAC93A /* Debug */ = {
			isa = XCBuildConfiguration;
			buildSettings = {
				INFOPLIST_FILE = "Test 3D TouchUITests/Info.plist";
				LD_RUNPATH_SEARCH_PATHS = "$(inherited) @executable_path/Frameworks @loader_path/Frameworks";
				PRODUCT_BUNDLE_IDENTIFIER = "com.mani.Test-3D-TouchUITests";
				PRODUCT_NAME = "$(TARGET_NAME)";
				TEST_TARGET_NAME = "Test 3D Touch";
				USES_XCTRUNNER = YES;
			};
			name = Debug;
		};
		60050E911BEB055400DAC93A /* Release */ = {
			isa = XCBuildConfiguration;
			buildSettings = {
				INFOPLIST_FILE = "Test 3D TouchUITests/Info.plist";
				LD_RUNPATH_SEARCH_PATHS = "$(inherited) @executable_path/Frameworks @loader_path/Frameworks";
				PRODUCT_BUNDLE_IDENTIFIER = "com.mani.Test-3D-TouchUITests";
				PRODUCT_NAME = "$(TARGET_NAME)";
				TEST_TARGET_NAME = "Test 3D Touch";
				USES_XCTRUNNER = YES;
			};
			name = Release;
		};
/* End XCBuildConfiguration section */

/* Begin XCConfigurationList section */
		60050E5C1BEB055400DAC93A /* Build configuration list for PBXProject "Test 3D Touch" */ = {
			isa = XCConfigurationList;
			buildConfigurations = (
				60050E871BEB055400DAC93A /* Debug */,
				60050E881BEB055400DAC93A /* Release */,
			);
			defaultConfigurationIsVisible = 0;
			defaultConfigurationName = Release;
		};
		60050E891BEB055400DAC93A /* Build configuration list for PBXNativeTarget "Test 3D Touch" */ = {
			isa = XCConfigurationList;
			buildConfigurations = (
				60050E8A1BEB055400DAC93A /* Debug */,
				60050E8B1BEB055400DAC93A /* Release */,
			);
			defaultConfigurationIsVisible = 0;
			defaultConfigurationName = Release;
		};
		60050E8C1BEB055400DAC93A /* Build configuration list for PBXNativeTarget "Test 3D TouchTests" */ = {
			isa = XCConfigurationList;
			buildConfigurations = (
				60050E8D1BEB055400DAC93A /* Debug */,
				60050E8E1BEB055400DAC93A /* Release */,
			);
			defaultConfigurationIsVisible = 0;
			defaultConfigurationName = Release;
		};
		60050E8F1BEB055400DAC93A /* Build configuration list for PBXNativeTarget "Test 3D TouchUITests" */ = {
			isa = XCConfigurationList;
			buildConfigurations = (
				60050E901BEB055400DAC93A /* Debug */,
				60050E911BEB055400DAC93A /* Release */,
			);
			defaultConfigurationIsVisible = 0;
			defaultConfigurationName = Release;
		};
/* End XCConfigurationList section */
	};
	rootObject = 60050E591BEB055400DAC93A /* Project object */;
}
